
Microsoft Visual Studio Solution File, Format Version 12.00
# Visual Studio Version 17
VisualStudioVersion = 17.9.34622.214
MinimumVisualStudioVersion = 10.0.40219.1
Project("{FAE04EC0-301F-11D3-BF4B-00C04F79EFBC}") = "TelegramBot", "TelegramBot\TelegramBot.csproj", "{DDE90FA1-E2F3-4492-8E94-14DC6546CC2F}"
EndProject
Global
	GlobalSection(SolutionConfigurationPlatforms) = preSolution
		Debug|Any CPU = Debug|Any CPU
		Release|Any CPU = Release|Any CPU
	EndGlobalSection
	GlobalSection(ProjectConfigurationPlatforms) = postSolution
		{DDE90FA1-E2F3-4492-8E94-14DC6546CC2F}.Debug|Any CPU.ActiveCfg = Debug|Any CPU
		{DDE90FA1-E2F3-4492-8E94-14DC6546CC2F}.Debug|Any CPU.Build.0 = Debug|Any CPU
		{DDE90FA1-E2F3-4492-8E94-14DC6546CC2F}.Release|Any CPU.ActiveCfg = Release|Any CPU
		{DDE90FA1-E2F3-4492-8E94-14DC6546CC2F}.Release|Any CPU.Build.0 = Release|Any CPU
	EndGlobalSection
	GlobalSection(SolutionProperties) = preSolution
		HideSolutionNode = FALSE
	EndGlobalSection
	GlobalSection(ExtensibilityGlobals) = postSolution
		SolutionGuid = {7F4027C5-5DBA-4C94-B637-965C77753BF9}
	EndGlobalSection
EndGlobal
